
Microsoft Visual Studio Solution File, Format Version 12.00
# Visual Studio Version 16
VisualStudioVersion = 16.0.30804.86
MinimumVisualStudioVersion = 10.0.40219.1
Project("{FAE04EC0-301F-11D3-BF4B-00C04F79EFBC}") = "Session7", "Session7\Session7.csproj", "{C8BAC9A6-FC9A-484E-ABB6-1B42E82FAF25}"
EndProject
Global
	GlobalSection(SolutionConfigurationPlatforms) = preSolution
		Debug|Any CPU = Debug|Any CPU
		Release|Any CPU = Release|Any CPU
	EndGlobalSection
	GlobalSection(ProjectConfigurationPlatforms) = postSolution
		{C8BAC9A6-FC9A-484E-ABB6-1B42E82FAF25}.Debug|Any CPU.ActiveCfg = Debug|Any CPU
		{C8BAC9A6-FC9A-484E-ABB6-1B42E82FAF25}.Debug|Any CPU.Build.0 = Debug|Any CPU
		{C8BAC9A6-FC9A-484E-ABB6-1B42E82FAF25}.Release|Any CPU.ActiveCfg = Release|Any CPU
		{C8BAC9A6-FC9A-484E-ABB6-1B42E82FAF25}.Release|Any CPU.Build.0 = Release|Any CPU
	EndGlobalSection
	GlobalSection(SolutionProperties) = preSolution
		HideSolutionNode = FALSE
	EndGlobalSection
	GlobalSection(ExtensibilityGlobals) = postSolution
		SolutionGuid = {64449122-87FD-451D-A671-CC5527661907}
	EndGlobalSection
EndGlobal
