
Microsoft Visual Studio Solution File, Format Version 12.00
# Visual Studio Version 16
VisualStudioVersion = 16.0.30804.86
MinimumVisualStudioVersion = 10.0.40219.1
Project("{FAE04EC0-301F-11D3-BF4B-00C04F79EFBC}") = "Session6", "Session6\Session6.csproj", "{4D7D345D-31BF-4B80-AAC9-5B9D16A021FA}"
EndProject
Global
	GlobalSection(SolutionConfigurationPlatforms) = preSolution
		Debug|Any CPU = Debug|Any CPU
		Release|Any CPU = Release|Any CPU
	EndGlobalSection
	GlobalSection(ProjectConfigurationPlatforms) = postSolution
		{4D7D345D-31BF-4B80-AAC9-5B9D16A021FA}.Debug|Any CPU.ActiveCfg = Debug|Any CPU
		{4D7D345D-31BF-4B80-AAC9-5B9D16A021FA}.Debug|Any CPU.Build.0 = Debug|Any CPU
		{4D7D345D-31BF-4B80-AAC9-5B9D16A021FA}.Release|Any CPU.ActiveCfg = Release|Any CPU
		{4D7D345D-31BF-4B80-AAC9-5B9D16A021FA}.Release|Any CPU.Build.0 = Release|Any CPU
	EndGlobalSection
	GlobalSection(SolutionProperties) = preSolution
		HideSolutionNode = FALSE
	EndGlobalSection
	GlobalSection(ExtensibilityGlobals) = postSolution
		SolutionGuid = {B831D153-0327-40B2-B30F-22EE08A06771}
	EndGlobalSection
EndGlobal
