
Microsoft Visual Studio Solution File, Format Version 12.00
# Visual Studio Version 16
VisualStudioVersion = 16.0.30804.86
MinimumVisualStudioVersion = 10.0.40219.1
Project("{9A19103F-16F7-4668-BE54-9A1E7A4F7556}") = "Company", "Company\Company.csproj", "{4678747C-1C95-4FB7-BA2D-904C4CBF8595}"
EndProject
Project("{FAE04EC0-301F-11D3-BF4B-00C04F79EFBC}") = "Factory", "Factory\Factory.csproj", "{2ABC264B-342C-4273-B922-02091C174A93}"
EndProject
Project("{FAE04EC0-301F-11D3-BF4B-00C04F79EFBC}") = "Company2", "Company2\Company2.csproj", "{7EA05B44-7FF0-4693-AFE2-A22E3AEAAD62}"
EndProject
Global
	GlobalSection(SolutionConfigurationPlatforms) = preSolution
		Debug|Any CPU = Debug|Any CPU
		Release|Any CPU = Release|Any CPU
	EndGlobalSection
	GlobalSection(ProjectConfigurationPlatforms) = postSolution
		{4678747C-1C95-4FB7-BA2D-904C4CBF8595}.Debug|Any CPU.ActiveCfg = Debug|Any CPU
		{4678747C-1C95-4FB7-BA2D-904C4CBF8595}.Debug|Any CPU.Build.0 = Debug|Any CPU
		{4678747C-1C95-4FB7-BA2D-904C4CBF8595}.Release|Any CPU.ActiveCfg = Release|Any CPU
		{4678747C-1C95-4FB7-BA2D-904C4CBF8595}.Release|Any CPU.Build.0 = Release|Any CPU
		{2ABC264B-342C-4273-B922-02091C174A93}.Debug|Any CPU.ActiveCfg = Debug|Any CPU
		{2ABC264B-342C-4273-B922-02091C174A93}.Debug|Any CPU.Build.0 = Debug|Any CPU
		{2ABC264B-342C-4273-B922-02091C174A93}.Release|Any CPU.ActiveCfg = Release|Any CPU
		{2ABC264B-342C-4273-B922-02091C174A93}.Release|Any CPU.Build.0 = Release|Any CPU
		{7EA05B44-7FF0-4693-AFE2-A22E3AEAAD62}.Debug|Any CPU.ActiveCfg = Debug|Any CPU
		{7EA05B44-7FF0-4693-AFE2-A22E3AEAAD62}.Debug|Any CPU.Build.0 = Debug|Any CPU
		{7EA05B44-7FF0-4693-AFE2-A22E3AEAAD62}.Release|Any CPU.ActiveCfg = Release|Any CPU
		{7EA05B44-7FF0-4693-AFE2-A22E3AEAAD62}.Release|Any CPU.Build.0 = Release|Any CPU
	EndGlobalSection
	GlobalSection(SolutionProperties) = preSolution
		HideSolutionNode = FALSE
	EndGlobalSection
	GlobalSection(ExtensibilityGlobals) = postSolution
		SolutionGuid = {0863DB99-F4F6-49AF-9D87-A42E017C5014}
	EndGlobalSection
EndGlobal
